
Microsoft Visual Studio Solution File, Format Version 12.00
# Visual Studio 2012
Project("{FAE04EC0-301F-11D3-BF4B-00C04F79EFBC}") = "MFractor.Installer", "MFractor.Installer\MFractor.Installer.csproj", "{33a7544d-574f-44e4-b5da-4abed9b982b8}"
EndProject
Global
	GlobalSection(SolutionConfigurationPlatforms) = preSolution
		Debug|Any CPU = Debug|Any CPU
		Release|Any CPU = Release|Any CPU
	EndGlobalSection
	GlobalSection(ProjectConfigurationPlatforms) = postSolution
		{33a7544d-574f-44e4-b5da-4abed9b982b8}.Debug|Any CPU.ActiveCfg = Debug|Any CPU
		{33a7544d-574f-44e4-b5da-4abed9b982b8}.Debug|Any CPU.Build.0 = Debug|Any CPU
		{33a7544d-574f-44e4-b5da-4abed9b982b8}.Release|Any CPU.ActiveCfg = Release|Any CPU
		{33a7544d-574f-44e4-b5da-4abed9b982b8}.Release|Any CPU.Build.0 = Release|Any CPU
	EndGlobalSection
EndGlobal
